github.com/StefMa/hugo-fresh v1.2.0 h1:F7j98xExM7Iu/Mz7uzgNBfPuwB3zufe4cfArSxCxpkM=
github.com/StefMa/hugo-fresh v1.2.0/go.mod h1:yRzHyco0bfnITjvq7rfAiOADfGMrDlM0kXeKBllUJEc=
github.com/jgthms/bulma v0.0.0-20220508134905-3e00a8e6d0d0/go.mod h1:89FLBKXYFKfOKAoDeUT26V0pHGwzr205cMXAEqtAVOI=
github.com/theNewDynamic/gohugo-theme-ananke v0.0.0-20240926033837-6367ffa8297f h1:pubCRRxQUQPd+OHcXyMPADTk2NdsvkHCut4Bss90L0A=
github.com/theNewDynamic/gohugo-theme-ananke v0.0.0-20240926033837-6367ffa8297f/go.mod h1:yY14BLqqh5G61rO81YcJKMHY1rClY5iIiUK+K2JKSUM=
github.com/willfaught/paige v0.92.0 h1:6vW2y31Z9Kf2l0M1U56GmqXz3ldtFU66rtaA4RGqXT0=
github.com/willfaught/paige v0.92.0/go.mod h1:0Nt8ifl7UVYQIBaMtpZmg+BrQHHzFNqKcrBoA2Oo4/E=
